
Microsoft Visual Studio Solution File, Format Version 10.00
# Visual Studio 2008
Project("{FAE04EC0-301F-11D3-BF4B-00C04F79EFBC}") = "CamTest", "CamTest\CamTest.csproj", "{C367F7DF-FA96-4837-9916-D2E6D03ADDBE}"
EndProject
Global
	GlobalSection(SolutionConfigurationPlatforms) = preSolution
		Debug|Any CPU = Debug|Any CPU
		Release|Any CPU = Release|Any CPU
	EndGlobalSection
	GlobalSection(ProjectConfigurationPlatforms) = postSolution
		{C367F7DF-FA96-4837-9916-D2E6D03ADDBE}.Debug|Any CPU.ActiveCfg = Debug|Any CPU
		{C367F7DF-FA96-4837-9916-D2E6D03ADDBE}.Debug|Any CPU.Build.0 = Debug|Any CPU
		{C367F7DF-FA96-4837-9916-D2E6D03ADDBE}.Release|Any CPU.ActiveCfg = Release|Any CPU
		{C367F7DF-FA96-4837-9916-D2E6D03ADDBE}.Release|Any CPU.Build.0 = Release|Any CPU
	EndGlobalSection
	GlobalSection(SolutionProperties) = preSolution
		HideSolutionNode = FALSE
	EndGlobalSection
EndGlobal
